
Microsoft Visual Studio Solution File, Format Version 12.00
# Visual Studio Version 17
VisualStudioVersion = 17.3.32901.215
MinimumVisualStudioVersion = 10.0.40219.1
Project("{FAE04EC0-301F-11D3-BF4B-00C04F79EFBC}") = "CA221214", "CA221214\CA221214.csproj", "{02FB5DE4-70EE-4F45-9FFE-1C335EBB38BE}"
EndProject
Global
	GlobalSection(SolutionConfigurationPlatforms) = preSolution
		Debug|Any CPU = Debug|Any CPU
		Release|Any CPU = Release|Any CPU
	EndGlobalSection
	GlobalSection(ProjectConfigurationPlatforms) = postSolution
		{02FB5DE4-70EE-4F45-9FFE-1C335EBB38BE}.Debug|Any CPU.ActiveCfg = Debug|Any CPU
		{02FB5DE4-70EE-4F45-9FFE-1C335EBB38BE}.Debug|Any CPU.Build.0 = Debug|Any CPU
		{02FB5DE4-70EE-4F45-9FFE-1C335EBB38BE}.Release|Any CPU.ActiveCfg = Release|Any CPU
		{02FB5DE4-70EE-4F45-9FFE-1C335EBB38BE}.Release|Any CPU.Build.0 = Release|Any CPU
	EndGlobalSection
	GlobalSection(SolutionProperties) = preSolution
		HideSolutionNode = FALSE
	EndGlobalSection
	GlobalSection(ExtensibilityGlobals) = postSolution
		SolutionGuid = {FEFE7DB8-0B81-43DD-884B-E70D1F87E988}
	EndGlobalSection
EndGlobal
